{
  "name": "manjaro-search",
  "version": "1.0.0",
  "lockfileVersion": 3,
  "requires": true,
  "packages": {
    "": {
      "name": "manjaro-search",
      "version": "1.0.0",
      "license": "MIT",
      "dependencies": {
        "kysely": "^0.27.3",
        "kysely-d1": "^0.4.0",
        "zod": "^3.23.4"
      },
      "devDependencies": {
        "@cloudflare/workers-types": "^4.20221111.1",
        "typescript": "^5.0.0"
      }
    },
    "node_modules/@cloudflare/workers-types": {
      "version": "4.20250525.0",
      "resolved": "https://registry.npmjs.org/@cloudflare/workers-types/-/workers-types-4.20250525.0.tgz",
      "integrity": "sha512-3loeNVJkcDLb9giarUIHmDgvh+/4RtH+R/rHn4BCmME1qKdu73n/hvECYhH8BabCZplF8zQy1wok1MKwXEWC/A==",
      "dev": true,
      "license": "MIT OR Apache-2.0"
    },
    "node_modules/kysely": {
      "version": "0.27.4",
      "resolved": "https://registry.npmjs.org/kysely/-/kysely-0.27.4.tgz",
      "integrity": "sha512-dyNKv2KRvYOQPLCAOCjjQuCk4YFd33BvGdf/o5bC7FiW+BB6snA81Zt+2wT9QDFzKqxKa5rrOmvlK/anehCcgA==",
      "license": "MIT",
      "engines": {
        "node": ">=14.0.0"
      }
    },
    "node_modules/kysely-d1": {
      "version": "0.4.0",
      "resolved": "https://registry.npmjs.org/kysely-d1/-/kysely-d1-0.4.0.tgz",
      "integrity": "sha512-wUcVvQNtm30OTfuo7Ad5vYJ1qHqPXOCZc+zWchVKNyuvqY3u8OuGw4gmUx1Ypdx2wRVFLHVQC9I7v0pTmF7Nkw==",
      "license": "MIT",
      "peerDependencies": {
        "kysely": "*"
      }
    },
    "node_modules/typescript": {
      "version": "5.8.3",
      "resolved": "https://registry.npmjs.org/typescript/-/typescript-5.8.3.tgz",
      "integrity": "sha512-p1diW6TqL9L07nNxvRMM7hMMw4c5XOo/1ibL4aAIGmSAt9slTE1Xgw5KWuof2uTOvCg9BY7ZRi+GaF+7sfgPeQ==",
      "dev": true,
      "license": "Apache-2.0",
      "bin": {
        "tsc": "bin/tsc",
        "tsserver": "bin/tsserver"
      },
      "engines": {
        "node": ">=14.17"
      }
    },
    "node_modules/zod": {
      "version": "3.23.8",
      "resolved": "https://registry.npmjs.org/zod/-/zod-3.23.8.tgz",
      "integrity": "sha512-XBx9AXhXktjUqnepgTiE5flcKIYWi/rme0Eaj+5Y0lftuGBq+jyRu/md4WnuxqgP1ubdpNCsYEYPxrzVHD8d6g==",
      "license": "MIT",
      "funding": {
        "url": "https://github.com/sponsors/colinhacks"
      }
    }
  }
}
